
Microsoft Visual Studio Solution File, Format Version 12.00
# Visual Studio Version 16
VisualStudioVersion = 16.0.31702.278
MinimumVisualStudioVersion = 10.0.40219.1
Project("{FAE04EC0-301F-11D3-BF4B-00C04F79EFBC}") = "ImportBDFfile", "ImportBDFfile\ImportBDFfile.csproj", "{A0642928-99F6-45BC-ACA3-EBFE457609F4}"
EndProject
Global
	GlobalSection(SolutionConfigurationPlatforms) = preSolution
		Debug|Any CPU = Debug|Any CPU
		Release|Any CPU = Release|Any CPU
	EndGlobalSection
	GlobalSection(ProjectConfigurationPlatforms) = postSolution
		{A0642928-99F6-45BC-ACA3-EBFE457609F4}.Debug|Any CPU.ActiveCfg = Debug|Any CPU
		{A0642928-99F6-45BC-ACA3-EBFE457609F4}.Debug|Any CPU.Build.0 = Debug|Any CPU
		{A0642928-99F6-45BC-ACA3-EBFE457609F4}.Release|Any CPU.ActiveCfg = Release|Any CPU
		{A0642928-99F6-45BC-ACA3-EBFE457609F4}.Release|Any CPU.Build.0 = Release|Any CPU
	EndGlobalSection
	GlobalSection(SolutionProperties) = preSolution
		HideSolutionNode = FALSE
	EndGlobalSection
	GlobalSection(ExtensibilityGlobals) = postSolution
		SolutionGuid = {450FEF11-9F79-4F55-9AE9-547751AE02B3}
	EndGlobalSection
EndGlobal
